// !$*UTF8*$!
{
	archiveVersion = 1;
	classes = {
	};
	objectVersion = 48;
	objects = {

/* Begin PBXBuildFile section */
		1DD1F386BFE4CB756F8F84A5 /* Pods_R_swift_D.framework in Frameworks */ = {isa = PBXBuildFile; fileRef = D8C9342A8042F67EAF192670 /* Pods_R_swift_D.framework */; };
		78BD351E1FD52A43001AB25C /* AppDelegate.swift in Sources */ = {isa = PBXBuildFile; fileRef = 78BD351D1FD52A43001AB25C /* AppDelegate.swift */; };
		78BD35201FD52A43001AB25C /* ViewController.swift in Sources */ = {isa = PBXBuildFile; fileRef = 78BD351F1FD52A43001AB25C /* ViewController.swift */; };
		78BD35231FD52A43001AB25C /* Main.storyboard in Resources */ = {isa = PBXBuildFile; fileRef = 78BD35211FD52A43001AB25C /* Main.storyboard */; };
		78BD35251FD52A43001AB25C /* Assets.xcassets in Resources */ = {isa = PBXBuildFile; fileRef = 78BD35241FD52A43001AB25C /* Assets.xcassets */; };
		78BD35281FD52A43001AB25C /* LaunchScreen.storyboard in Resources */ = {isa = PBXBuildFile; fileRef = 78BD35261FD52A43001AB25C /* LaunchScreen.storyboard */; };
		78BD35301FD52B17001AB25C /* rswift in Resources */ = {isa = PBXBuildFile; fileRef = 78BD352F1FD52B17001AB25C /* rswift */; };
		78BD35331FD52D8F001AB25C /* R.generated.swift in Sources */ = {isa = PBXBuildFile; fileRef = 78BD35321FD52D8F001AB25C /* R.generated.swift */; };
/* End PBXBuildFile section */

/* Begin PBXFileReference section */
		376F9DCA08DE30B973574D0E /* Pods-R.swift.D.debug.xcconfig */ = {isa = PBXFileReference; includeInIndex = 1; lastKnownFileType = text.xcconfig; name = "Pods-R.swift.D.debug.xcconfig"; path = "Pods/Target Support Files/Pods-R.swift.D/Pods-R.swift.D.debug.xcconfig"; sourceTree = "<group>"; };
		5EC930782A790AFBD071E8FF /* Pods-R.swift.D.release.xcconfig */ = {isa = PBXFileReference; includeInIndex = 1; lastKnownFileType = text.xcconfig; name = "Pods-R.swift.D.release.xcconfig"; path = "Pods/Target Support Files/Pods-R.swift.D/Pods-R.swift.D.release.xcconfig"; sourceTree = "<group>"; };
		78BD351A1FD52A43001AB25C /* R.swift.D.app */ = {isa = PBXFileReference; explicitFileType = wrapper.application; includeInIndex = 0; path = R.swift.D.app; sourceTree = BUILT_PRODUCTS_DIR; };
		78BD351D1FD52A43001AB25C /* AppDelegate.swift */ = {isa = PBXFileReference; lastKnownFileType = sourcecode.swift; path = AppDelegate.swift; sourceTree = "<group>"; };
		78BD351F1FD52A43001AB25C /* ViewController.swift */ = {isa = PBXFileReference; lastKnownFileType = sourcecode.swift; path = ViewController.swift; sourceTree = "<group>"; };
		78BD35221FD52A43001AB25C /* Base */ = {isa = PBXFileReference; lastKnownFileType = file.storyboard; name = Base; path = Base.lproj/Main.storyboard; sourceTree = "<group>"; };
		78BD35241FD52A43001AB25C /* Assets.xcassets */ = {isa = PBXFileReference; lastKnownFileType = folder.assetcatalog; path = Assets.xcassets; sourceTree = "<group>"; };
		78BD35271FD52A43001AB25C /* Base */ = {isa = PBXFileReference; lastKnownFileType = file.storyboard; name = Base; path = Base.lproj/LaunchScreen.storyboard; sourceTree = "<group>"; };
		78BD35291FD52A43001AB25C /* Info.plist */ = {isa = PBXFileReference; lastKnownFileType = text.plist.xml; path = Info.plist; sourceTree = "<group>"; };
		78BD352F1FD52B17001AB25C /* rswift */ = {isa = PBXFileReference; lastKnownFileType = "compiled.mach-o.executable"; path = rswift; sourceTree = "<group>"; };
		78BD35321FD52D8F001AB25C /* R.generated.swift */ = {isa = PBXFileReference; fileEncoding = 4; lastKnownFileType = sourcecode.swift; path = R.generated.swift; sourceTree = SOURCE_ROOT; };
		D8C9342A8042F67EAF192670 /* Pods_R_swift_D.framework */ = {isa = PBXFileReference; explicitFileType = wrapper.framework; includeInIndex = 0; path = Pods_R_swift_D.framework; sourceTree = BUILT_PRODUCTS_DIR; };
/* End PBXFileReference section */

/* Begin PBXFrameworksBuildPhase section */
		78BD35171FD52A43001AB25C /* Frameworks */ = {
			isa = PBXFrameworksBuildPhase;
			buildActionMask = 2147483647;
			files = (
				1DD1F386BFE4CB756F8F84A5 /* Pods_R_swift_D.framework in Frameworks */,
			);
			runOnlyForDeploymentPostprocessing = 0;
		};
/* End PBXFrameworksBuildPhase section */

/* Begin PBXGroup section */
		150E26B09135536FC2E34681 /* Frameworks */ = {
			isa = PBXGroup;
			children = (
				D8C9342A8042F67EAF192670 /* Pods_R_swift_D.framework */,
			);
			name = Frameworks;
			sourceTree = "<group>";
		};
		312F1150D32AF5619EF62993 /* Pods */ = {
			isa = PBXGroup;
			children = (
				376F9DCA08DE30B973574D0E /* Pods-R.swift.D.debug.xcconfig */,
				5EC930782A790AFBD071E8FF /* Pods-R.swift.D.release.xcconfig */,
			);
			name = Pods;
			sourceTree = "<group>";
		};
		78BD35111FD52A43001AB25C = {
			isa = PBXGroup;
			children = (
				78BD351C1FD52A43001AB25C /* R.swift.D */,
				78BD351B1FD52A43001AB25C /* Products */,
				312F1150D32AF5619EF62993 /* Pods */,
				150E26B09135536FC2E34681 /* Frameworks */,
			);
			sourceTree = "<group>";
		};
		78BD351B1FD52A43001AB25C /* Products */ = {
			isa = PBXGroup;
			children = (
				78BD351A1FD52A43001AB25C /* R.swift.D.app */,
			);
			name = Products;
			sourceTree = "<group>";
		};
		78BD351C1FD52A43001AB25C /* R.swift.D */ = {
			isa = PBXGroup;
			children = (
				78BD35321FD52D8F001AB25C /* R.generated.swift */,
				78BD352F1FD52B17001AB25C /* rswift */,
				78BD351D1FD52A43001AB25C /* AppDelegate.swift */,
				78BD351F1FD52A43001AB25C /* ViewController.swift */,
				78BD35211FD52A43001AB25C /* Main.storyboard */,
				78BD35241FD52A43001AB25C /* Assets.xcassets */,
				78BD35261FD52A43001AB25C /* LaunchScreen.storyboard */,
				78BD35291FD52A43001AB25C /* Info.plist */,
			);
			path = R.swift.D;
			sourceTree = "<group>";
		};
/* End PBXGroup section */

/* Begin PBXNativeTarget section */
		78BD35191FD52A43001AB25C /* R.swift.D */ = {
			isa = PBXNativeTarget;
			buildConfigurationList = 78BD352C1FD52A43001AB25C /* Build configuration list for PBXNativeTarget "R.swift.D" */;
			buildPhases = (
				78BD35311FD52B3C001AB25C /* ShellScript */,
				E604C2B3720A055E32A5EA18 /* [CP] Check Pods Manifest.lock */,
				78BD35161FD52A43001AB25C /* Sources */,
				78BD35171FD52A43001AB25C /* Frameworks */,
				78BD35181FD52A43001AB25C /* Resources */,
				42CB49E4AF485BDD7555FD54 /* [CP] Embed Pods Frameworks */,
				77DCEC180C28964AC5A74F37 /* [CP] Copy Pods Resources */,
			);
			buildRules = (
			);
			dependencies = (
			);
			name = R.swift.D;
			productName = R.swift.D;
			productReference = 78BD351A1FD52A43001AB25C /* R.swift.D.app */;
			productType = "com.apple.product-type.application";
		};
/* End PBXNativeTarget section */

/* Begin PBXProject section */
		78BD35121FD52A43001AB25C /* Project object */ = {
			isa = PBXProject;
			attributes = {
				LastSwiftUpdateCheck = 0900;
				LastUpgradeCheck = 0900;
				ORGANIZATIONNAME = idea;
				TargetAttributes = {
					78BD35191FD52A43001AB25C = {
						CreatedOnToolsVersion = 9.0.1;
						ProvisioningStyle = Automatic;
					};
				};
			};
			buildConfigurationList = 78BD35151FD52A43001AB25C /* Build configuration list for PBXProject "R.swift.D" */;
			compatibilityVersion = "Xcode 8.0";
			developmentRegion = en;
			hasScannedForEncodings = 0;
			knownRegions = (
				en,
				Base,
			);
			mainGroup = 78BD35111FD52A43001AB25C;
			productRefGroup = 78BD351B1FD52A43001AB25C /* Products */;
			projectDirPath = "";
			projectRoot = "";
			targets = (
				78BD35191FD52A43001AB25C /* R.swift.D */,
			);
		};
/* End PBXProject section */

/* Begin PBXResourcesBuildPhase section */
		78BD35181FD52A43001AB25C /* Resources */ = {
			isa = PBXResourcesBuildPhase;
			buildActionMask = 2147483647;
			files = (
				78BD35281FD52A43001AB25C /* LaunchScreen.storyboard in Resources */,
				78BD35301FD52B17001AB25C /* rswift in Resources */,
				78BD35251FD52A43001AB25C /* Assets.xcassets in Resources */,
				78BD35231FD52A43001AB25C /* Main.storyboard in Resources */,
			);
			runOnlyForDeploymentPostprocessing = 0;
		};
/* End PBXResourcesBuildPhase section */

/* Begin PBXShellScriptBuildPhase section */
		42CB49E4AF485BDD7555FD54 /* [CP] Embed Pods Frameworks */ = {
			isa = PBXShellScriptBuildPhase;
			buildActionMask = 2147483647;
			files = (
			);
			inputPaths = (
				"${SRCROOT}/Pods/Target Support Files/Pods-R.swift.D/Pods-R.swift.D-frameworks.sh",
				"${BUILT_PRODUCTS_DIR}/R.swift.Library/Rswift.framework",
			);
			name = "[CP] Embed Pods Frameworks";
			outputPaths = (
				"${TARGET_BUILD_DIR}/${FRAMEWORKS_FOLDER_PATH}/Rswift.framework",
			);
			runOnlyForDeploymentPostprocessing = 0;
			shellPath = /bin/sh;
			shellScript = "\"${SRCROOT}/Pods/Target Support Files/Pods-R.swift.D/Pods-R.swift.D-frameworks.sh\"\n";
			showEnvVarsInLog = 0;
		};
		77DCEC180C28964AC5A74F37 /* [CP] Copy Pods Resources */ = {
			isa = PBXShellScriptBuildPhase;
			buildActionMask = 2147483647;
			files = (
			);
			inputPaths = (
			);
			name = "[CP] Copy Pods Resources";
			outputPaths = (
			);
			runOnlyForDeploymentPostprocessing = 0;
			shellPath = /bin/sh;
			shellScript = "\"${SRCROOT}/Pods/Target Support Files/Pods-R.swift.D/Pods-R.swift.D-resources.sh\"\n";
			showEnvVarsInLog = 0;
		};
		78BD35311FD52B3C001AB25C /* ShellScript */ = {
			isa = PBXShellScriptBuildPhase;
			buildActionMask = 2147483647;
			files = (
			);
			inputPaths = (
			);
			outputPaths = (
			);
			runOnlyForDeploymentPostprocessing = 0;
			shellPath = /bin/sh;
			shellScript = "\"$SRCROOT/${PROJECT_NAME}/rswift\" generate \"$SRCROOT\"";
		};
		E604C2B3720A055E32A5EA18 /* [CP] Check Pods Manifest.lock */ = {
			isa = PBXShellScriptBuildPhase;
			buildActionMask = 2147483647;
			files = (
			);
			inputPaths = (
				"${PODS_PODFILE_DIR_PATH}/Podfile.lock",
				"${PODS_ROOT}/Manifest.lock",
			);
			name = "[CP] Check Pods Manifest.lock";
			outputPaths = (
				"$(DERIVED_FILE_DIR)/Pods-R.swift.D-checkManifestLockResult.txt",
			);
			runOnlyForDeploymentPostprocessing = 0;
			shellPath = /bin/sh;
			shellScript = "diff \"${PODS_PODFILE_DIR_PATH}/Podfile.lock\" \"${PODS_ROOT}/Manifest.lock\" > /dev/null\nif [ $? != 0 ] ; then\n    # print error to STDERR\n    echo \"error: The sandbox is not in sync with the Podfile.lock. Run 'pod install' or update your CocoaPods installation.\" >&2\n    exit 1\nfi\n# This output is used by Xcode 'outputs' to avoid re-running this script phase.\necho \"SUCCESS\" > \"${SCRIPT_OUTPUT_FILE_0}\"\n";
			showEnvVarsInLog = 0;
		};
/* End PBXShellScriptBuildPhase section */

/* Begin PBXSourcesBuildPhase section */
		78BD35161FD52A43001AB25C /* Sources */ = {
			isa = PBXSourcesBuildPhase;
			buildActionMask = 2147483647;
			files = (
				78BD35201FD52A43001AB25C /* ViewController.swift in Sources */,
				78BD351E1FD52A43001AB25C /* AppDelegate.swift in Sources */,
				78BD35331FD52D8F001AB25C /* R.generated.swift in Sources */,
			);
			runOnlyForDeploymentPostprocessing = 0;
		};
/* End PBXSourcesBuildPhase section */

/* Begin PBXVariantGroup section */
		78BD35211FD52A43001AB25C /* Main.storyboard */ = {
			isa = PBXVariantGroup;
			children = (
				78BD35221FD52A43001AB25C /* Base */,
			);
			name = Main.storyboard;
			sourceTree = "<group>";
		};
		78BD35261FD52A43001AB25C /* LaunchScreen.storyboard */ = {
			isa = PBXVariantGroup;
			children = (
				78BD35271FD52A43001AB25C /* Base */,
			);
			name = LaunchScreen.storyboard;
			sourceTree = "<group>";
		};
/* End PBXVariantGroup section */

/* Begin XCBuildConfiguration section */
		78BD352A1FD52A43001AB25C /* Debug */ = {
			isa = XCBuildConfiguration;
			buildSettings = {
				ALWAYS_SEARCH_USER_PATHS = NO;
				CLANG_ANALYZER_NONNULL = YES;
				CLANG_ANALYZER_NUMBER_OBJECT_CONVERSION = YES_AGGRESSIVE;
				CLANG_CXX_LANGUAGE_STANDARD = "gnu++14";
				CLANG_CXX_LIBRARY = "libc++";
				CLANG_ENABLE_MODULES = YES;
				CLANG_ENABLE_OBJC_ARC = YES;
				CLANG_WARN_BLOCK_CAPTURE_AUTORELEASING = YES;
				CLANG_WARN_BOOL_CONVERSION = YES;
				CLANG_WARN_COMMA = YES;
				CLANG_WARN_CONSTANT_CONVERSION = YES;
				CLANG_WARN_DIRECT_OBJC_ISA_USAGE = YES_ERROR;
				CLANG_WARN_DOCUMENTATION_COMMENTS = YES;
				CLANG_WARN_EMPTY_BODY = YES;
				CLANG_WARN_ENUM_CONVERSION = YES;
				CLANG_WARN_INFINITE_RECURSION = YES;
				CLANG_WARN_INT_CONVERSION = YES;
				CLANG_WARN_NON_LITERAL_NULL_CONVERSION = YES;
				CLANG_WARN_OBJC_LITERAL_CONVERSION = YES;
				CLANG_WARN_OBJC_ROOT_CLASS = YES_ERROR;
				CLANG_WARN_RANGE_LOOP_ANALYSIS = YES;
				CLANG_WARN_STRICT_PROTOTYPES = YES;
				CLANG_WARN_SUSPICIOUS_MOVE = YES;
				CLANG_WARN_UNGUARDED_AVAILABILITY = YES_AGGRESSIVE;
				CLANG_WARN_UNREACHABLE_CODE = YES;
				CLANG_WARN__DUPLICATE_METHOD_MATCH = YES;
				CODE_SIGN_IDENTITY = "iPhone Developer";
				COPY_PHASE_STRIP = NO;
				DEBUG_INFORMATION_FORMAT = dwarf;
				ENABLE_STRICT_OBJC_MSGSEND = YES;
				ENABLE_TESTABILITY = YES;
				GCC_C_LANGUAGE_STANDARD = gnu11;
				GCC_DYNAMIC_NO_PIC = NO;
				GCC_NO_COMMON_BLOCKS = YES;
				GCC_OPTIMIZATION_LEVEL = 0;
				GCC_PREPROCESSOR_DEFINITIONS = (
					"DEBUG=1",
					"$(inherited)",
				);
				GCC_WARN_64_TO_32_BIT_CONVERSION = YES;
				GCC_WARN_ABOUT_RETURN_TYPE = YES_ERROR;
				GCC_WARN_UNDECLARED_SELECTOR = YES;
				GCC_WARN_UNINITIALIZED_AUTOS = YES_AGGRESSIVE;
				GCC_WARN_UNUSED_FUNCTION = YES;
				GCC_WARN_UNUSED_VARIABLE = YES;
				IPHONEOS_DEPLOYMENT_TARGET = 11.0;
				MTL_ENABLE_DEBUG_INFO = YES;
				ONLY_ACTIVE_ARCH = YES;
				SDKROOT = iphoneos;
				SWIFT_ACTIVE_COMPILATION_CONDITIONS = DEBUG;
				SWIFT_OPTIMIZATION_LEVEL = "-Onone";
			};
			name = Debug;
		};
		78BD352B1FD52A43001AB25C /* Release */ = {
			isa = XCBuildConfiguration;
			buildSettings = {
				ALWAYS_SEARCH_USER_PATHS = NO;
				CLANG_ANALYZER_NONNULL = YES;
				CLANG_ANALYZER_NUMBER_OBJECT_CONVERSION = YES_AGGRESSIVE;
				CLANG_CXX_LANGUAGE_STANDARD = "gnu++14";
				CLANG_CXX_LIBRARY = "libc++";
				CLANG_ENABLE_MODULES = YES;
				CLANG_ENABLE_OBJC_ARC = YES;
				CLANG_WARN_BLOCK_CAPTURE_AUTORELEASING = YES;
				CLANG_WARN_BOOL_CONVERSION = YES;
				CLANG_WARN_COMMA = YES;
				CLANG_WARN_CONSTANT_CONVERSION = YES;
				CLANG_WARN_DIRECT_OBJC_ISA_USAGE = YES_ERROR;
				CLANG_WARN_DOCUMENTATION_COMMENTS = YES;
				CLANG_WARN_EMPTY_BODY = YES;
				CLANG_WARN_ENUM_CONVERSION = YES;
				CLANG_WARN_INFINITE_RECURSION = YES;
				CLANG_WARN_INT_CONVERSION = YES;
				CLANG_WARN_NON_LITERAL_NULL_CONVERSION = YES;
				CLANG_WARN_OBJC_LITERAL_CONVERSION = YES;
				CLANG_WARN_OBJC_ROOT_CLASS = YES_ERROR;
				CLANG_WARN_RANGE_LOOP_ANALYSIS = YES;
				CLANG_WARN_STRICT_PROTOTYPES = YES;
				CLANG_WARN_SUSPICIOUS_MOVE = YES;
				CLANG_WARN_UNGUARDED_AVAILABILITY = YES_AGGRESSIVE;
				CLANG_WARN_UNREACHABLE_CODE = YES;
				CLANG_WARN__DUPLICATE_METHOD_MATCH = YES;
				CODE_SIGN_IDENTITY = "iPhone Developer";
				COPY_PHASE_STRIP = NO;
				DEBUG_INFORMATION_FORMAT = "dwarf-with-dsym";
				ENABLE_NS_ASSERTIONS = NO;
				ENABLE_STRICT_OBJC_MSGSEND = YES;
				GCC_C_LANGUAGE_STANDARD = gnu11;
				GCC_NO_COMMON_BLOCKS = YES;
				GCC_WARN_64_TO_32_BIT_CONVERSION = YES;
				GCC_WARN_ABOUT_RETURN_TYPE = YES_ERROR;
				GCC_WARN_UNDECLARED_SELECTOR = YES;
				GCC_WARN_UNINITIALIZED_AUTOS = YES_AGGRESSIVE;
				GCC_WARN_UNUSED_FUNCTION = YES;
				GCC_WARN_UNUSED_VARIABLE = YES;
				IPHONEOS_DEPLOYMENT_TARGET = 11.0;
				MTL_ENABLE_DEBUG_INFO = NO;
				SDKROOT = iphoneos;
				SWIFT_OPTIMIZATION_LEVEL = "-Owholemodule";
				VALIDATE_PRODUCT = YES;
			};
			name = Release;
		};
		78BD352D1FD52A43001AB25C /* Debug */ = {
			isa = XCBuildConfiguration;
			baseConfigurationReference = 376F9DCA08DE30B973574D0E /* Pods-R.swift.D.debug.xcconfig */;
			buildSettings = {
				ASSETCATALOG_COMPILER_APPICON_NAME = AppIcon;
				CODE_SIGN_STYLE = Automatic;
				INFOPLIST_FILE = R.swift.D/Info.plist;
				IPHONEOS_DEPLOYMENT_TARGET = 8.0;
				LD_RUNPATH_SEARCH_PATHS = "$(inherited) @executable_path/Frameworks";
				PRODUCT_BUNDLE_IDENTIFIER = "com.day.R-swift-D";
				PRODUCT_NAME = "$(TARGET_NAME)";
				SWIFT_VERSION = 4.0;
				TARGETED_DEVICE_FAMILY = "1,2";
			};
			name = Debug;
		};
		78BD352E1FD52A43001AB25C /* Release */ = {
			isa = XCBuildConfiguration;
			baseConfigurationReference = 5EC930782A790AFBD071E8FF /* Pods-R.swift.D.release.xcconfig */;
			buildSettings = {
				ASSETCATALOG_COMPILER_APPICON_NAME = AppIcon;
				CODE_SIGN_STYLE = Automatic;
				INFOPLIST_FILE = R.swift.D/Info.plist;
				IPHONEOS_DEPLOYMENT_TARGET = 8.0;
				LD_RUNPATH_SEARCH_PATHS = "$(inherited) @executable_path/Frameworks";
				PRODUCT_BUNDLE_IDENTIFIER = "com.day.R-swift-D";
				PRODUCT_NAME = "$(TARGET_NAME)";
				SWIFT_VERSION = 4.0;
				TARGETED_DEVICE_FAMILY = "1,2";
			};
			name = Release;
		};
/* End XCBuildConfiguration section */

/* Begin XCConfigurationList section */
		78BD35151FD52A43001AB25C /* Build configuration list for PBXProject "R.swift.D" */ = {
			isa = XCConfigurationList;
			buildConfigurations = (
				78BD352A1FD52A43001AB25C /* Debug */,
				78BD352B1FD52A43001AB25C /* Release */,
			);
			defaultConfigurationIsVisible = 0;
			defaultConfigurationName = Release;
		};
		78BD352C1FD52A43001AB25C /* Build configuration list for PBXNativeTarget "R.swift.D" */ = {
			isa = XCConfigurationList;
			buildConfigurations = (
				78BD352D1FD52A43001AB25C /* Debug */,
				78BD352E1FD52A43001AB25C /* Release */,
			);
			defaultConfigurationIsVisible = 0;
			defaultConfigurationName = Release;
		};
/* End XCConfigurationList section */
	};
	rootObject = 78BD35121FD52A43001AB25C /* Project object */;
}
